// !$*UTF8*$!
{
	archiveVersion = 1;
	classes = {
	};
	objectVersion = 46;
	objects = {

/* Begin PBXBuildFile section */
		800C12921DD17F8A00743458 /* CoreDataStackManager.swift in Sources */ = {isa = PBXBuildFile; fileRef = 800C12911DD17F8A00743458 /* CoreDataStackManager.swift */; };
		800C12951DD1803A00743458 /* FlickrApi.swift in Sources */ = {isa = PBXBuildFile; fileRef = 800C12941DD1803A00743458 /* FlickrApi.swift */; };
		8046A76B1DCEB1B100B55F52 /* AppDelegate.swift in Sources */ = {isa = PBXBuildFile; fileRef = 8046A76A1DCEB1B100B55F52 /* AppDelegate.swift */; };
		8046A76D1DCEB1B100B55F52 /* LoginViewController1.swift in Sources */ = {isa = PBXBuildFile; fileRef = 8046A76C1DCEB1B100B55F52 /* LoginViewController1.swift */; };
		8046A7701DCEB1B100B55F52 /* Main.storyboard in Resources */ = {isa = PBXBuildFile; fileRef = 8046A76E1DCEB1B100B55F52 /* Main.storyboard */; };
		8046A7731DCEB1B100B55F52 /* language.xcdatamodeld in Sources */ = {isa = PBXBuildFile; fileRef = 8046A7711DCEB1B100B55F52 /* language.xcdatamodeld */; };
		8046A7751DCEB1B100B55F52 /* Assets.xcassets in Resources */ = {isa = PBXBuildFile; fileRef = 8046A7741DCEB1B100B55F52 /* Assets.xcassets */; };
		8046A7781DCEB1B100B55F52 /* LaunchScreen.storyboard in Resources */ = {isa = PBXBuildFile; fileRef = 8046A7761DCEB1B100B55F52 /* LaunchScreen.storyboard */; };
		8046A7831DCEB1B100B55F52 /* languageTests.swift in Sources */ = {isa = PBXBuildFile; fileRef = 8046A7821DCEB1B100B55F52 /* languageTests.swift */; };
		8046A78E1DCEB1B100B55F52 /* languageUITests.swift in Sources */ = {isa = PBXBuildFile; fileRef = 8046A78D1DCEB1B100B55F52 /* languageUITests.swift */; };
		8046A79D1DCEC5BD00B55F52 /* Model.xcdatamodeld in Sources */ = {isa = PBXBuildFile; fileRef = 8046A79B1DCEC5BD00B55F52 /* Model.xcdatamodeld */; };
		805BF2BA1DE7E1EE00BAB487 /* Bolts.framework in Frameworks */ = {isa = PBXBuildFile; fileRef = 80C770351DE7E03D0004F7CB /* Bolts.framework */; };
		805BF2BB1DE7E1EE00BAB487 /* Bolts.framework in Embed Frameworks */ = {isa = PBXBuildFile; fileRef = 80C770351DE7E03D0004F7CB /* Bolts.framework */; settings = {ATTRIBUTES = (CodeSignOnCopy, RemoveHeadersOnCopy, ); }; };
		805BF2BC1DE7E1EE00BAB487 /* FBSDKCoreKit.framework in Frameworks */ = {isa = PBXBuildFile; fileRef = 80C770361DE7E03D0004F7CB /* FBSDKCoreKit.framework */; };
		805BF2BD1DE7E1EE00BAB487 /* FBSDKCoreKit.framework in Embed Frameworks */ = {isa = PBXBuildFile; fileRef = 80C770361DE7E03D0004F7CB /* FBSDKCoreKit.framework */; settings = {ATTRIBUTES = (CodeSignOnCopy, RemoveHeadersOnCopy, ); }; };
		805BF2BE1DE7E1EE00BAB487 /* FBSDKLoginKit.framework in Frameworks */ = {isa = PBXBuildFile; fileRef = 80C770371DE7E03D0004F7CB /* FBSDKLoginKit.framework */; };
		805BF2BF1DE7E1EE00BAB487 /* FBSDKLoginKit.framework in Embed Frameworks */ = {isa = PBXBuildFile; fileRef = 80C770371DE7E03D0004F7CB /* FBSDKLoginKit.framework */; settings = {ATTRIBUTES = (CodeSignOnCopy, RemoveHeadersOnCopy, ); }; };
		8061CB7B1DD7666D00481747 /* UITextFieldExtension.swift in Sources */ = {isa = PBXBuildFile; fileRef = 8061CB7A1DD7666D00481747 /* UITextFieldExtension.swift */; };
		8061CB7D1DD7677A00481747 /* Constants.swift in Sources */ = {isa = PBXBuildFile; fileRef = 8061CB7C1DD7677A00481747 /* Constants.swift */; };
		8061CB7F1DD76F6600481747 /* UIButtonExtension.swift in Sources */ = {isa = PBXBuildFile; fileRef = 8061CB7E1DD76F6600481747 /* UIButtonExtension.swift */; };
		8061CB811DD7722300481747 /* DashboardViewController.swift in Sources */ = {isa = PBXBuildFile; fileRef = 8061CB801DD7722300481747 /* DashboardViewController.swift */; };
		807E96B81DDEC76B00D2AE93 /* UserLog+CoreDataClass.swift in Sources */ = {isa = PBXBuildFile; fileRef = 807E96B01DDEC76B00D2AE93 /* UserLog+CoreDataClass.swift */; };
		807E96B91DDEC76B00D2AE93 /* UserLog+CoreDataProperties.swift in Sources */ = {isa = PBXBuildFile; fileRef = 807E96B11DDEC76B00D2AE93 /* UserLog+CoreDataProperties.swift */; };
		807E96BA1DDEC76B00D2AE93 /* UserWords+CoreDataClass.swift in Sources */ = {isa = PBXBuildFile; fileRef = 807E96B21DDEC76B00D2AE93 /* UserWords+CoreDataClass.swift */; };
		807E96BB1DDEC76B00D2AE93 /* UserWords+CoreDataProperties.swift in Sources */ = {isa = PBXBuildFile; fileRef = 807E96B31DDEC76B00D2AE93 /* UserWords+CoreDataProperties.swift */; };
		807E96BC1DDEC76B00D2AE93 /* Words+CoreDataClass.swift in Sources */ = {isa = PBXBuildFile; fileRef = 807E96B41DDEC76B00D2AE93 /* Words+CoreDataClass.swift */; };
		807E96BD1DDEC76B00D2AE93 /* Words+CoreDataProperties.swift in Sources */ = {isa = PBXBuildFile; fileRef = 807E96B51DDEC76B00D2AE93 /* Words+CoreDataProperties.swift */; };
		807E96BE1DDEC76B00D2AE93 /* User+CoreDataClass.swift in Sources */ = {isa = PBXBuildFile; fileRef = 807E96B61DDEC76B00D2AE93 /* User+CoreDataClass.swift */; };
		807E96BF1DDEC76B00D2AE93 /* User+CoreDataProperties.swift in Sources */ = {isa = PBXBuildFile; fileRef = 807E96B71DDEC76B00D2AE93 /* User+CoreDataProperties.swift */; };
		807E96C41DE09ED200D2AE93 /* UserManager.swift in Sources */ = {isa = PBXBuildFile; fileRef = 807E96C31DE09ED200D2AE93 /* UserManager.swift */; };
		807E96C61DE0AB3900D2AE93 /* UtilityFunction.swift in Sources */ = {isa = PBXBuildFile; fileRef = 807E96C51DE0AB3900D2AE93 /* UtilityFunction.swift */; };
		807E96C91DE0BA8B00D2AE93 /* CustomTableViewCell.swift in Sources */ = {isa = PBXBuildFile; fileRef = 807E96C81DE0BA8B00D2AE93 /* CustomTableViewCell.swift */; };
		80B912FB1DD9276F0016F887 /* RegisterUserViewController.swift in Sources */ = {isa = PBXBuildFile; fileRef = 80B912FA1DD9276F0016F887 /* RegisterUserViewController.swift */; };
		80B912FD1DD971680016F887 /* AddNewWordViewController.swift in Sources */ = {isa = PBXBuildFile; fileRef = 80B912FC1DD971680016F887 /* AddNewWordViewController.swift */; };
		80B913101DDA9C560016F887 /* CoreData.framework in Frameworks */ = {isa = PBXBuildFile; fileRef = 80B9130F1DDA9C560016F887 /* CoreData.framework */; };
		80C7702A1DE73A510004F7CB /* SessionAndParseModel.swift in Sources */ = {isa = PBXBuildFile; fileRef = 80C770291DE73A510004F7CB /* SessionAndParseModel.swift */; };
		80C7702D1DE73ADE0004F7CB /* ErrorExtension.swift in Sources */ = {isa = PBXBuildFile; fileRef = 80C7702C1DE73ADE0004F7CB /* ErrorExtension.swift */; };
		80C770381DE7E03D0004F7CB /* Bolts.framework in Frameworks */ = {isa = PBXBuildFile; fileRef = 80C770351DE7E03D0004F7CB /* Bolts.framework */; };
		80C770391DE7E03D0004F7CB /* FBSDKCoreKit.framework in Frameworks */ = {isa = PBXBuildFile; fileRef = 80C770361DE7E03D0004F7CB /* FBSDKCoreKit.framework */; };
		80C7703A1DE7E03D0004F7CB /* FBSDKLoginKit.framework in Frameworks */ = {isa = PBXBuildFile; fileRef = 80C770371DE7E03D0004F7CB /* FBSDKLoginKit.framework */; };
		80CE6AAB1DE81BCF00C8D01E /* LoginViewController.swift in Sources */ = {isa = PBXBuildFile; fileRef = 80CE6AAA1DE81BCF00C8D01E /* LoginViewController.swift */; };
		80D2A7C51DE8D9B80050D868 /* UILabel.swift in Sources */ = {isa = PBXBuildFile; fileRef = 80D2A7C41DE8D9B80050D868 /* UILabel.swift */; };
		80F964B61DD4190700C0F1FB /* WordTableViewController.swift in Sources */ = {isa = PBXBuildFile; fileRef = 80F964B51DD4190700C0F1FB /* WordTableViewController.swift */; };
		80F964B81DD57D1800C0F1FB /* WordTranslationViewController.swift in Sources */ = {isa = PBXBuildFile; fileRef = 80F964B71DD57D1800C0F1FB /* WordTranslationViewController.swift */; };
/* End PBXBuildFile section */

/* Begin PBXContainerItemProxy section */
		8046A77F1DCEB1B100B55F52 /* PBXContainerItemProxy */ = {
			isa = PBXContainerItemProxy;
			containerPortal = 8046A75F1DCEB1B100B55F52 /* Project object */;
			proxyType = 1;
			remoteGlobalIDString = 8046A7661DCEB1B100B55F52;
			remoteInfo = language;
		};
		8046A78A1DCEB1B100B55F52 /* PBXContainerItemProxy */ = {
			isa = PBXContainerItemProxy;
			containerPortal = 8046A75F1DCEB1B100B55F52 /* Project object */;
			proxyType = 1;
			remoteGlobalIDString = 8046A7661DCEB1B100B55F52;
			remoteInfo = language;
		};
/* End PBXContainerItemProxy section */

/* Begin PBXCopyFilesBuildPhase section */
		80C770341DE7DE630004F7CB /* Embed Frameworks */ = {
			isa = PBXCopyFilesBuildPhase;
			buildActionMask = 2147483647;
			dstPath = "";
			dstSubfolderSpec = 10;
			files = (
				805BF2BB1DE7E1EE00BAB487 /* Bolts.framework in Embed Frameworks */,
				805BF2BD1DE7E1EE00BAB487 /* FBSDKCoreKit.framework in Embed Frameworks */,
				805BF2BF1DE7E1EE00BAB487 /* FBSDKLoginKit.framework in Embed Frameworks */,
			);
			name = "Embed Frameworks";
			runOnlyForDeploymentPostprocessing = 0;
		};
/* End PBXCopyFilesBuildPhase section */

/* Begin PBXFileReference section */
		800C12911DD17F8A00743458 /* CoreDataStackManager.swift */ = {isa = PBXFileReference; fileEncoding = 4; lastKnownFileType = sourcecode.swift; path = CoreDataStackManager.swift; sourceTree = "<group>"; };
		800C12941DD1803A00743458 /* FlickrApi.swift */ = {isa = PBXFileReference; fileEncoding = 4; lastKnownFileType = sourcecode.swift; path = FlickrApi.swift; sourceTree = "<group>"; };
		8046A7671DCEB1B100B55F52 /* language.app */ = {isa = PBXFileReference; explicitFileType = wrapper.application; includeInIndex = 0; path = language.app; sourceTree = BUILT_PRODUCTS_DIR; };
		8046A76A1DCEB1B100B55F52 /* AppDelegate.swift */ = {isa = PBXFileReference; lastKnownFileType = sourcecode.swift; path = AppDelegate.swift; sourceTree = "<group>"; };
		8046A76C1DCEB1B100B55F52 /* LoginViewController1.swift */ = {isa = PBXFileReference; lastKnownFileType = sourcecode.swift; name = LoginViewController1.swift; path = language/LoginViewController1.swift; sourceTree = "<group>"; };
		8046A76F1DCEB1B100B55F52 /* Base */ = {isa = PBXFileReference; lastKnownFileType = file.storyboard; name = Base; path = Base.lproj/Main.storyboard; sourceTree = "<group>"; };
		8046A7721DCEB1B100B55F52 /* language.xcdatamodel */ = {isa = PBXFileReference; lastKnownFileType = wrapper.xcdatamodel; path = language.xcdatamodel; sourceTree = "<group>"; };
		8046A7741DCEB1B100B55F52 /* Assets.xcassets */ = {isa = PBXFileReference; lastKnownFileType = folder.assetcatalog; path = Assets.xcassets; sourceTree = "<group>"; };
		8046A7771DCEB1B100B55F52 /* Base */ = {isa = PBXFileReference; lastKnownFileType = file.storyboard; name = Base; path = Base.lproj/LaunchScreen.storyboard; sourceTree = "<group>"; };
		8046A7791DCEB1B100B55F52 /* Info.plist */ = {isa = PBXFileReference; lastKnownFileType = text.plist.xml; path = Info.plist; sourceTree = "<group>"; };
		8046A77E1DCEB1B100B55F52 /* languageTests.xctest */ = {isa = PBXFileReference; explicitFileType = wrapper.cfbundle; includeInIndex = 0; path = languageTests.xctest; sourceTree = BUILT_PRODUCTS_DIR; };
		8046A7821DCEB1B100B55F52 /* languageTests.swift */ = {isa = PBXFileReference; lastKnownFileType = sourcecode.swift; path = languageTests.swift; sourceTree = "<group>"; };
		8046A7841DCEB1B100B55F52 /* Info.plist */ = {isa = PBXFileReference; lastKnownFileType = text.plist.xml; path = Info.plist; sourceTree = "<group>"; };
		8046A7891DCEB1B100B55F52 /* languageUITests.xctest */ = {isa = PBXFileReference; explicitFileType = wrapper.cfbundle; includeInIndex = 0; path = languageUITests.xctest; sourceTree = BUILT_PRODUCTS_DIR; };
		8046A78D1DCEB1B100B55F52 /* languageUITests.swift */ = {isa = PBXFileReference; lastKnownFileType = sourcecode.swift; path = languageUITests.swift; sourceTree = "<group>"; };
		8046A78F1DCEB1B100B55F52 /* Info.plist */ = {isa = PBXFileReference; lastKnownFileType = text.plist.xml; path = Info.plist; sourceTree = "<group>"; };
		8046A79C1DCEC5BD00B55F52 /* Model.xcdatamodel */ = {isa = PBXFileReference; lastKnownFileType = wrapper.xcdatamodel; path = Model.xcdatamodel; sourceTree = "<group>"; };
		8061CB7A1DD7666D00481747 /* UITextFieldExtension.swift */ = {isa = PBXFileReference; fileEncoding = 4; lastKnownFileType = sourcecode.swift; name = UITextFieldExtension.swift; path = language/UITextFieldExtension.swift; sourceTree = "<group>"; };
		8061CB7C1DD7677A00481747 /* Constants.swift */ = {isa = PBXFileReference; fileEncoding = 4; lastKnownFileType = sourcecode.swift; name = Constants.swift; path = language/Constants.swift; sourceTree = "<group>"; };
		8061CB7E1DD76F6600481747 /* UIButtonExtension.swift */ = {isa = PBXFileReference; fileEncoding = 4; lastKnownFileType = sourcecode.swift; name = UIButtonExtension.swift; path = language/UIButtonExtension.swift; sourceTree = "<group>"; };
		8061CB801DD7722300481747 /* DashboardViewController.swift */ = {isa = PBXFileReference; fileEncoding = 4; lastKnownFileType = sourcecode.swift; name = DashboardViewController.swift; path = language/DashboardViewController.swift; sourceTree = "<group>"; };
		807E96B01DDEC76B00D2AE93 /* UserLog+CoreDataClass.swift */ = {isa = PBXFileReference; fileEncoding = 4; lastKnownFileType = sourcecode.swift; path = "UserLog+CoreDataClass.swift"; sourceTree = "<group>"; };
		807E96B11DDEC76B00D2AE93 /* UserLog+CoreDataProperties.swift */ = {isa = PBXFileReference; fileEncoding = 4; lastKnownFileType = sourcecode.swift; path = "UserLog+CoreDataProperties.swift"; sourceTree = "<group>"; };
		807E96B21DDEC76B00D2AE93 /* UserWords+CoreDataClass.swift */ = {isa = PBXFileReference; fileEncoding = 4; lastKnownFileType = sourcecode.swift; path = "UserWords+CoreDataClass.swift"; sourceTree = "<group>"; };
		807E96B31DDEC76B00D2AE93 /* UserWords+CoreDataProperties.swift */ = {isa = PBXFileReference; fileEncoding = 4; lastKnownFileType = sourcecode.swift; path = "UserWords+CoreDataProperties.swift"; sourceTree = "<group>"; };
		807E96B41DDEC76B00D2AE93 /* Words+CoreDataClass.swift */ = {isa = PBXFileReference; fileEncoding = 4; lastKnownFileType = sourcecode.swift; path = "Words+CoreDataClass.swift"; sourceTree = "<group>"; };
		807E96B51DDEC76B00D2AE93 /* Words+CoreDataProperties.swift */ = {isa = PBXFileReference; fileEncoding = 4; lastKnownFileType = sourcecode.swift; path = "Words+CoreDataProperties.swift"; sourceTree = "<group>"; };
		807E96B61DDEC76B00D2AE93 /* User+CoreDataClass.swift */ = {isa = PBXFileReference; fileEncoding = 4; lastKnownFileType = sourcecode.swift; path = "User+CoreDataClass.swift"; sourceTree = "<group>"; };
		807E96B71DDEC76B00D2AE93 /* User+CoreDataProperties.swift */ = {isa = PBXFileReference; fileEncoding = 4; lastKnownFileType = sourcecode.swift; path = "User+CoreDataProperties.swift"; sourceTree = "<group>"; };
		807E96C31DE09ED200D2AE93 /* UserManager.swift */ = {isa = PBXFileReference; fileEncoding = 4; lastKnownFileType = sourcecode.swift; path = UserManager.swift; sourceTree = "<group>"; };
		807E96C51DE0AB3900D2AE93 /* UtilityFunction.swift */ = {isa = PBXFileReference; fileEncoding = 4; lastKnownFileType = sourcecode.swift; path = UtilityFunction.swift; sourceTree = "<group>"; };
		807E96C81DE0BA8B00D2AE93 /* CustomTableViewCell.swift */ = {isa = PBXFileReference; fileEncoding = 4; lastKnownFileType = sourcecode.swift; path = CustomTableViewCell.swift; sourceTree = "<group>"; };
		80B912FA1DD9276F0016F887 /* RegisterUserViewController.swift */ = {isa = PBXFileReference; fileEncoding = 4; lastKnownFileType = sourcecode.swift; path = RegisterUserViewController.swift; sourceTree = "<group>"; };
		80B912FC1DD971680016F887 /* AddNewWordViewController.swift */ = {isa = PBXFileReference; fileEncoding = 4; lastKnownFileType = sourcecode.swift; path = AddNewWordViewController.swift; sourceTree = "<group>"; };
		80B9130F1DDA9C560016F887 /* CoreData.framework */ = {isa = PBXFileReference; lastKnownFileType = wrapper.framework; name = CoreData.framework; path = System/Library/Frameworks/CoreData.framework; sourceTree = SDKROOT; };
		80C7701A1DE54DF40004F7CB /* language-Bridging-Header.h */ = {isa = PBXFileReference; lastKnownFileType = sourcecode.c.h; path = "language-Bridging-Header.h"; sourceTree = "<group>"; };
		80C770261DE6B5270004F7CB /* language.entitlements */ = {isa = PBXFileReference; lastKnownFileType = text.plist.entitlements; path = language.entitlements; sourceTree = "<group>"; };
		80C770291DE73A510004F7CB /* SessionAndParseModel.swift */ = {isa = PBXFileReference; fileEncoding = 4; lastKnownFileType = sourcecode.swift; path = SessionAndParseModel.swift; sourceTree = "<group>"; };
		80C7702C1DE73ADE0004F7CB /* ErrorExtension.swift */ = {isa = PBXFileReference; fileEncoding = 4; lastKnownFileType = sourcecode.swift; path = ErrorExtension.swift; sourceTree = "<group>"; };
		80C770351DE7E03D0004F7CB /* Bolts.framework */ = {isa = PBXFileReference; lastKnownFileType = wrapper.framework; path = Bolts.framework; sourceTree = "<group>"; };
		80C770361DE7E03D0004F7CB /* FBSDKCoreKit.framework */ = {isa = PBXFileReference; lastKnownFileType = wrapper.framework; path = FBSDKCoreKit.framework; sourceTree = "<group>"; };
		80C770371DE7E03D0004F7CB /* FBSDKLoginKit.framework */ = {isa = PBXFileReference; lastKnownFileType = wrapper.framework; path = FBSDKLoginKit.framework; sourceTree = "<group>"; };
		80CE6AAA1DE81BCF00C8D01E /* LoginViewController.swift */ = {isa = PBXFileReference; fileEncoding = 4; lastKnownFileType = sourcecode.swift; path = LoginViewController.swift; sourceTree = "<group>"; };
		80D2A7C41DE8D9B80050D868 /* UILabel.swift */ = {isa = PBXFileReference; fileEncoding = 4; lastKnownFileType = sourcecode.swift; path = UILabel.swift; sourceTree = "<group>"; };
		80F964B51DD4190700C0F1FB /* WordTableViewController.swift */ = {isa = PBXFileReference; fileEncoding = 4; lastKnownFileType = sourcecode.swift; name = WordTableViewController.swift; path = language/WordTableViewController.swift; sourceTree = "<group>"; };
		80F964B71DD57D1800C0F1FB /* WordTranslationViewController.swift */ = {isa = PBXFileReference; fileEncoding = 4; lastKnownFileType = sourcecode.swift; name = WordTranslationViewController.swift; path = language/WordTranslationViewController.swift; sourceTree = "<group>"; };
/* End PBXFileReference section */

/* Begin PBXFrameworksBuildPhase section */
		8046A7641DCEB1B100B55F52 /* Frameworks */ = {
			isa = PBXFrameworksBuildPhase;
			buildActionMask = 2147483647;
			files = (
				805BF2BA1DE7E1EE00BAB487 /* Bolts.framework in Frameworks */,
				805BF2BC1DE7E1EE00BAB487 /* FBSDKCoreKit.framework in Frameworks */,
				80C770381DE7E03D0004F7CB /* Bolts.framework in Frameworks */,
				80C770391DE7E03D0004F7CB /* FBSDKCoreKit.framework in Frameworks */,
				805BF2BE1DE7E1EE00BAB487 /* FBSDKLoginKit.framework in Frameworks */,
				80B913101DDA9C560016F887 /* CoreData.framework in Frameworks */,
				80C7703A1DE7E03D0004F7CB /* FBSDKLoginKit.framework in Frameworks */,
			);
			runOnlyForDeploymentPostprocessing = 0;
		};
		8046A77B1DCEB1B100B55F52 /* Frameworks */ = {
			isa = PBXFrameworksBuildPhase;
			buildActionMask = 2147483647;
			files = (
			);
			runOnlyForDeploymentPostprocessing = 0;
		};
		8046A7861DCEB1B100B55F52 /* Frameworks */ = {
			isa = PBXFrameworksBuildPhase;
			buildActionMask = 2147483647;
			files = (
			);
			runOnlyForDeploymentPostprocessing = 0;
		};
/* End PBXFrameworksBuildPhase section */

/* Begin PBXGroup section */
		800C12931DD1801D00743458 /* Api */ = {
			isa = PBXGroup;
			children = (
				800C12941DD1803A00743458 /* FlickrApi.swift */,
			);
			name = Api;
			sourceTree = "<group>";
		};
		8046A75E1DCEB1B100B55F52 = {
			isa = PBXGroup;
			children = (
				80C7702B1DE73ABE0004F7CB /* Delegate */,
				807E96C71DE0BA6900D2AE93 /* View */,
				807E96C21DE09C2F00D2AE93 /* HelperClasses */,
				80B913391DDA9FE10016F887 /* DataAccess */,
				80DABDA11DD81700009ABFF4 /* Interface */,
				80DABDA01DD8110F009ABFF4 /* ViewController */,
				8061CB821DD7BC8700481747 /* Utility */,
				800C12931DD1801D00743458 /* Api */,
				8046A79E1DD179D400B55F52 /* Model */,
				8046A7691DCEB1B100B55F52 /* language */,
				8046A7811DCEB1B100B55F52 /* languageTests */,
				8046A78C1DCEB1B100B55F52 /* languageUITests */,
				8046A7681DCEB1B100B55F52 /* Products */,
				80B9130E1DDA9C560016F887 /* Frameworks */,
			);
			sourceTree = "<group>";
		};
		8046A7681DCEB1B100B55F52 /* Products */ = {
			isa = PBXGroup;
			children = (
				8046A7671DCEB1B100B55F52 /* language.app */,
				8046A77E1DCEB1B100B55F52 /* languageTests.xctest */,
				8046A7891DCEB1B100B55F52 /* languageUITests.xctest */,
			);
			name = Products;
			sourceTree = "<group>";
		};
		8046A7691DCEB1B100B55F52 /* language */ = {
			isa = PBXGroup;
			children = (
				80C770261DE6B5270004F7CB /* language.entitlements */,
				8046A76A1DCEB1B100B55F52 /* AppDelegate.swift */,
				8046A7741DCEB1B100B55F52 /* Assets.xcassets */,
				8046A7791DCEB1B100B55F52 /* Info.plist */,
				8046A7711DCEB1B100B55F52 /* language.xcdatamodeld */,
			);
			path = language;
			sourceTree = "<group>";
		};
		8046A7811DCEB1B100B55F52 /* languageTests */ = {
			isa = PBXGroup;
			children = (
				8046A7821DCEB1B100B55F52 /* languageTests.swift */,
				8046A7841DCEB1B100B55F52 /* Info.plist */,
			);
			path = languageTests;
			sourceTree = "<group>";
		};
		8046A78C1DCEB1B100B55F52 /* languageUITests */ = {
			isa = PBXGroup;
			children = (
				8046A78D1DCEB1B100B55F52 /* languageUITests.swift */,
				8046A78F1DCEB1B100B55F52 /* Info.plist */,
			);
			path = languageUITests;
			sourceTree = "<group>";
		};
		8046A79E1DD179D400B55F52 /* Model */ = {
			isa = PBXGroup;
			children = (
				807E96B01DDEC76B00D2AE93 /* UserLog+CoreDataClass.swift */,
				807E96B11DDEC76B00D2AE93 /* UserLog+CoreDataProperties.swift */,
				807E96B21DDEC76B00D2AE93 /* UserWords+CoreDataClass.swift */,
				807E96B31DDEC76B00D2AE93 /* UserWords+CoreDataProperties.swift */,
				807E96B41DDEC76B00D2AE93 /* Words+CoreDataClass.swift */,
				807E96B51DDEC76B00D2AE93 /* Words+CoreDataProperties.swift */,
				807E96B61DDEC76B00D2AE93 /* User+CoreDataClass.swift */,
				807E96B71DDEC76B00D2AE93 /* User+CoreDataProperties.swift */,
				8046A79B1DCEC5BD00B55F52 /* Model.xcdatamodeld */,
				800C12911DD17F8A00743458 /* CoreDataStackManager.swift */,
				80C770291DE73A510004F7CB /* SessionAndParseModel.swift */,
			);
			name = Model;
			sourceTree = "<group>";
		};
		8061CB821DD7BC8700481747 /* Utility */ = {
			isa = PBXGroup;
			children = (
				8061CB7A1DD7666D00481747 /* UITextFieldExtension.swift */,
				8061CB7E1DD76F6600481747 /* UIButtonExtension.swift */,
				8061CB7C1DD7677A00481747 /* Constants.swift */,
				807E96C51DE0AB3900D2AE93 /* UtilityFunction.swift */,
				80D2A7C41DE8D9B80050D868 /* UILabel.swift */,
			);
			name = Utility;
			sourceTree = "<group>";
		};
		807E96C21DE09C2F00D2AE93 /* HelperClasses */ = {
			isa = PBXGroup;
			children = (
				807E96C31DE09ED200D2AE93 /* UserManager.swift */,
			);
			name = HelperClasses;
			sourceTree = "<group>";
		};
		807E96C71DE0BA6900D2AE93 /* View */ = {
			isa = PBXGroup;
			children = (
				807E96C81DE0BA8B00D2AE93 /* CustomTableViewCell.swift */,
				80C7701A1DE54DF40004F7CB /* language-Bridging-Header.h */,
			);
			name = View;
			sourceTree = "<group>";
		};
		80B9130E1DDA9C560016F887 /* Frameworks */ = {
			isa = PBXGroup;
			children = (
				80C770351DE7E03D0004F7CB /* Bolts.framework */,
				80C770361DE7E03D0004F7CB /* FBSDKCoreKit.framework */,
				80C770371DE7E03D0004F7CB /* FBSDKLoginKit.framework */,
				80B9130F1DDA9C560016F887 /* CoreData.framework */,
			);
			name = Frameworks;
			sourceTree = "<group>";
		};
		80B913391DDA9FE10016F887 /* DataAccess */ = {
			isa = PBXGroup;
			children = (
			);
			name = DataAccess;
			sourceTree = "<group>";
		};
		80C7702B1DE73ABE0004F7CB /* Delegate */ = {
			isa = PBXGroup;
			children = (
				80C7702C1DE73ADE0004F7CB /* ErrorExtension.swift */,
			);
			name = Delegate;
			sourceTree = "<group>";
		};
		80DABDA01DD8110F009ABFF4 /* ViewController */ = {
			isa = PBXGroup;
			children = (
				80F964B71DD57D1800C0F1FB /* WordTranslationViewController.swift */,
				8061CB801DD7722300481747 /* DashboardViewController.swift */,
				8046A76C1DCEB1B100B55F52 /* LoginViewController1.swift */,
				80F964B51DD4190700C0F1FB /* WordTableViewController.swift */,
				80B912FA1DD9276F0016F887 /* RegisterUserViewController.swift */,
				80B912FC1DD971680016F887 /* AddNewWordViewController.swift */,
				80CE6AAA1DE81BCF00C8D01E /* LoginViewController.swift */,
			);
			name = ViewController;
			sourceTree = "<group>";
		};
		80DABDA11DD81700009ABFF4 /* Interface */ = {
			isa = PBXGroup;
			children = (
				8046A7761DCEB1B100B55F52 /* LaunchScreen.storyboard */,
				8046A76E1DCEB1B100B55F52 /* Main.storyboard */,
			);
			name = Interface;
			sourceTree = "<group>";
		};
/* End PBXGroup section */

/* Begin PBXNativeTarget section */
		8046A7661DCEB1B100B55F52 /* language */ = {
			isa = PBXNativeTarget;
			buildConfigurationList = 8046A7921DCEB1B100B55F52 /* Build configuration list for PBXNativeTarget "language" */;
			buildPhases = (
				8046A7631DCEB1B100B55F52 /* Sources */,
				8046A7641DCEB1B100B55F52 /* Frameworks */,
				8046A7651DCEB1B100B55F52 /* Resources */,
				80C770341DE7DE630004F7CB /* Embed Frameworks */,
			);
			buildRules = (
			);
			dependencies = (
			);
			name = language;
			productName = language;
			productReference = 8046A7671DCEB1B100B55F52 /* language.app */;
			productType = "com.apple.product-type.application";
		};
		8046A77D1DCEB1B100B55F52 /* languageTests */ = {
			isa = PBXNativeTarget;
			buildConfigurationList = 8046A7951DCEB1B100B55F52 /* Build configuration list for PBXNativeTarget "languageTests" */;
			buildPhases = (
				8046A77A1DCEB1B100B55F52 /* Sources */,
				8046A77B1DCEB1B100B55F52 /* Frameworks */,
				8046A77C1DCEB1B100B55F52 /* Resources */,
			);
			buildRules = (
			);
			dependencies = (
				8046A7801DCEB1B100B55F52 /* PBXTargetDependency */,
			);
			name = languageTests;
			productName = languageTests;
			productReference = 8046A77E1DCEB1B100B55F52 /* languageTests.xctest */;
			productType = "com.apple.product-type.bundle.unit-test";
		};
		8046A7881DCEB1B100B55F52 /* languageUITests */ = {
			isa = PBXNativeTarget;
			buildConfigurationList = 8046A7981DCEB1B100B55F52 /* Build configuration list for PBXNativeTarget "languageUITests" */;
			buildPhases = (
				8046A7851DCEB1B100B55F52 /* Sources */,
				8046A7861DCEB1B100B55F52 /* Frameworks */,
				8046A7871DCEB1B100B55F52 /* Resources */,
			);
			buildRules = (
			);
			dependencies = (
				8046A78B1DCEB1B100B55F52 /* PBXTargetDependency */,
			);
			name = languageUITests;
			productName = languageUITests;
			productReference = 8046A7891DCEB1B100B55F52 /* languageUITests.xctest */;
			productType = "com.apple.product-type.bundle.ui-testing";
		};
/* End PBXNativeTarget section */

/* Begin PBXProject section */
		8046A75F1DCEB1B100B55F52 /* Project object */ = {
			isa = PBXProject;
			attributes = {
				LastSwiftUpdateCheck = 0810;
				LastUpgradeCheck = 0810;
				ORGANIZATIONNAME = Snnab;
				TargetAttributes = {
					8046A7661DCEB1B100B55F52 = {
						CreatedOnToolsVersion = 8.1;
						DevelopmentTeam = GJT8TMHRBN;
						LastSwiftMigration = 0810;
						ProvisioningStyle = Automatic;
						SystemCapabilities = {
							com.apple.Keychain = {
								enabled = 1;
							};
						};
					};
					8046A77D1DCEB1B100B55F52 = {
						CreatedOnToolsVersion = 8.1;
						DevelopmentTeam = GJT8TMHRBN;
						ProvisioningStyle = Automatic;
						TestTargetID = 8046A7661DCEB1B100B55F52;
					};
					8046A7881DCEB1B100B55F52 = {
						CreatedOnToolsVersion = 8.1;
						DevelopmentTeam = GJT8TMHRBN;
						ProvisioningStyle = Automatic;
						TestTargetID = 8046A7661DCEB1B100B55F52;
					};
				};
			};
			buildConfigurationList = 8046A7621DCEB1B100B55F52 /* Build configuration list for PBXProject "language" */;
			compatibilityVersion = "Xcode 3.2";
			developmentRegion = English;
			hasScannedForEncodings = 0;
			knownRegions = (
				en,
				Base,
			);
			mainGroup = 8046A75E1DCEB1B100B55F52;
			productRefGroup = 8046A7681DCEB1B100B55F52 /* Products */;
			projectDirPath = "";
			projectRoot = "";
			targets = (
				8046A7661DCEB1B100B55F52 /* language */,
				8046A77D1DCEB1B100B55F52 /* languageTests */,
				8046A7881DCEB1B100B55F52 /* languageUITests */,
			);
		};
/* End PBXProject section */

/* Begin PBXResourcesBuildPhase section */
		8046A7651DCEB1B100B55F52 /* Resources */ = {
			isa = PBXResourcesBuildPhase;
			buildActionMask = 2147483647;
			files = (
				8046A7781DCEB1B100B55F52 /* LaunchScreen.storyboard in Resources */,
				8046A7751DCEB1B100B55F52 /* Assets.xcassets in Resources */,
				8046A7701DCEB1B100B55F52 /* Main.storyboard in Resources */,
			);
			runOnlyForDeploymentPostprocessing = 0;
		};
		8046A77C1DCEB1B100B55F52 /* Resources */ = {
			isa = PBXResourcesBuildPhase;
			buildActionMask = 2147483647;
			files = (
			);
			runOnlyForDeploymentPostprocessing = 0;
		};
		8046A7871DCEB1B100B55F52 /* Resources */ = {
			isa = PBXResourcesBuildPhase;
			buildActionMask = 2147483647;
			files = (
			);
			runOnlyForDeploymentPostprocessing = 0;
		};
/* End PBXResourcesBuildPhase section */

/* Begin PBXSourcesBuildPhase section */
		8046A7631DCEB1B100B55F52 /* Sources */ = {
			isa = PBXSourcesBuildPhase;
			buildActionMask = 2147483647;
			files = (
				8061CB7D1DD7677A00481747 /* Constants.swift in Sources */,
				807E96C91DE0BA8B00D2AE93 /* CustomTableViewCell.swift in Sources */,
				80F964B81DD57D1800C0F1FB /* WordTranslationViewController.swift in Sources */,
				807E96C61DE0AB3900D2AE93 /* UtilityFunction.swift in Sources */,
				8061CB7B1DD7666D00481747 /* UITextFieldExtension.swift in Sources */,
				80CE6AAB1DE81BCF00C8D01E /* LoginViewController.swift in Sources */,
				8046A76D1DCEB1B100B55F52 /* LoginViewController1.swift in Sources */,
				8046A7731DCEB1B100B55F52 /* language.xcdatamodeld in Sources */,
				80B912FD1DD971680016F887 /* AddNewWordViewController.swift in Sources */,
				807E96BB1DDEC76B00D2AE93 /* UserWords+CoreDataProperties.swift in Sources */,
				80D2A7C51DE8D9B80050D868 /* UILabel.swift in Sources */,
				807E96C41DE09ED200D2AE93 /* UserManager.swift in Sources */,
				8046A76B1DCEB1B100B55F52 /* AppDelegate.swift in Sources */,
				80C7702D1DE73ADE0004F7CB /* ErrorExtension.swift in Sources */,
				80F964B61DD4190700C0F1FB /* WordTableViewController.swift in Sources */,
				8061CB811DD7722300481747 /* DashboardViewController.swift in Sources */,
				807E96B81DDEC76B00D2AE93 /* UserLog+CoreDataClass.swift in Sources */,
				800C12921DD17F8A00743458 /* CoreDataStackManager.swift in Sources */,
				80C7702A1DE73A510004F7CB /* SessionAndParseModel.swift in Sources */,
				807E96BA1DDEC76B00D2AE93 /* UserWords+CoreDataClass.swift in Sources */,
				80B912FB1DD9276F0016F887 /* RegisterUserViewController.swift in Sources */,
				8061CB7F1DD76F6600481747 /* UIButtonExtension.swift in Sources */,
				8046A79D1DCEC5BD00B55F52 /* Model.xcdatamodeld in Sources */,
				807E96BC1DDEC76B00D2AE93 /* Words+CoreDataClass.swift in Sources */,
				807E96B91DDEC76B00D2AE93 /* UserLog+CoreDataProperties.swift in Sources */,
				807E96BF1DDEC76B00D2AE93 /* User+CoreDataProperties.swift in Sources */,
				800C12951DD1803A00743458 /* FlickrApi.swift in Sources */,
				807E96BD1DDEC76B00D2AE93 /* Words+CoreDataProperties.swift in Sources */,
				807E96BE1DDEC76B00D2AE93 /* User+CoreDataClass.swift in Sources */,
			);
			runOnlyForDeploymentPostprocessing = 0;
		};
		8046A77A1DCEB1B100B55F52 /* Sources */ = {
			isa = PBXSourcesBuildPhase;
			buildActionMask = 2147483647;
			files = (
				8046A7831DCEB1B100B55F52 /* languageTests.swift in Sources */,
			);
			runOnlyForDeploymentPostprocessing = 0;
		};
		8046A7851DCEB1B100B55F52 /* Sources */ = {
			isa = PBXSourcesBuildPhase;
			buildActionMask = 2147483647;
			files = (
				8046A78E1DCEB1B100B55F52 /* languageUITests.swift in Sources */,
			);
			runOnlyForDeploymentPostprocessing = 0;
		};
/* End PBXSourcesBuildPhase section */

/* Begin PBXTargetDependency section */
		8046A7801DCEB1B100B55F52 /* PBXTargetDependency */ = {
			isa = PBXTargetDependency;
			target = 8046A7661DCEB1B100B55F52 /* language */;
			targetProxy = 8046A77F1DCEB1B100B55F52 /* PBXContainerItemProxy */;
		};
		8046A78B1DCEB1B100B55F52 /* PBXTargetDependency */ = {
			isa = PBXTargetDependency;
			target = 8046A7661DCEB1B100B55F52 /* language */;
			targetProxy = 8046A78A1DCEB1B100B55F52 /* PBXContainerItemProxy */;
		};
/* End PBXTargetDependency section */

/* Begin PBXVariantGroup section */
		8046A76E1DCEB1B100B55F52 /* Main.storyboard */ = {
			isa = PBXVariantGroup;
			children = (
				8046A76F1DCEB1B100B55F52 /* Base */,
			);
			name = Main.storyboard;
			path = language;
			sourceTree = "<group>";
		};
		8046A7761DCEB1B100B55F52 /* LaunchScreen.storyboard */ = {
			isa = PBXVariantGroup;
			children = (
				8046A7771DCEB1B100B55F52 /* Base */,
			);
			name = LaunchScreen.storyboard;
			path = language;
			sourceTree = "<group>";
		};
/* End PBXVariantGroup section */

/* Begin XCBuildConfiguration section */
		8046A7901DCEB1B100B55F52 /* Debug */ = {
			isa = XCBuildConfiguration;
			buildSettings = {
				ALWAYS_SEARCH_USER_PATHS = NO;
				CLANG_ANALYZER_NONNULL = YES;
				CLANG_CXX_LANGUAGE_STANDARD = "gnu++0x";
				CLANG_CXX_LIBRARY = "libc++";
				CLANG_ENABLE_MODULES = YES;
				CLANG_ENABLE_OBJC_ARC = YES;
				CLANG_WARN_BOOL_CONVERSION = YES;
				CLANG_WARN_CONSTANT_CONVERSION = YES;
				CLANG_WARN_DIRECT_OBJC_ISA_USAGE = YES_ERROR;
				CLANG_WARN_DOCUMENTATION_COMMENTS = YES;
				CLANG_WARN_EMPTY_BODY = YES;
				CLANG_WARN_ENUM_CONVERSION = YES;
				CLANG_WARN_INFINITE_RECURSION = YES;
				CLANG_WARN_INT_CONVERSION = YES;
				CLANG_WARN_OBJC_ROOT_CLASS = YES_ERROR;
				CLANG_WARN_SUSPICIOUS_MOVES = YES;
				CLANG_WARN_UNREACHABLE_CODE = YES;
				CLANG_WARN__DUPLICATE_METHOD_MATCH = YES;
				"CODE_SIGN_IDENTITY[sdk=iphoneos*]" = "iPhone Developer";
				COPY_PHASE_STRIP = NO;
				DEBUG_INFORMATION_FORMAT = dwarf;
				ENABLE_STRICT_OBJC_MSGSEND = YES;
				ENABLE_TESTABILITY = YES;
				GCC_C_LANGUAGE_STANDARD = gnu99;
				GCC_DYNAMIC_NO_PIC = NO;
				GCC_NO_COMMON_BLOCKS = YES;
				GCC_OPTIMIZATION_LEVEL = 0;
				GCC_PREPROCESSOR_DEFINITIONS = (
					"DEBUG=1",
					"$(inherited)",
				);
				GCC_WARN_64_TO_32_BIT_CONVERSION = YES;
				GCC_WARN_ABOUT_RETURN_TYPE = YES_ERROR;
				GCC_WARN_UNDECLARED_SELECTOR = YES;
				GCC_WARN_UNINITIALIZED_AUTOS = YES_AGGRESSIVE;
				GCC_WARN_UNUSED_FUNCTION = YES;
				GCC_WARN_UNUSED_VARIABLE = YES;
				IPHONEOS_DEPLOYMENT_TARGET = 10.1;
				MTL_ENABLE_DEBUG_INFO = YES;
				ONLY_ACTIVE_ARCH = YES;
				SDKROOT = iphoneos;
				SWIFT_ACTIVE_COMPILATION_CONDITIONS = DEBUG;
				SWIFT_OPTIMIZATION_LEVEL = "-Onone";
			};
			name = Debug;
		};
		8046A7911DCEB1B100B55F52 /* Release */ = {
			isa = XCBuildConfiguration;
			buildSettings = {
				ALWAYS_SEARCH_USER_PATHS = NO;
				CLANG_ANALYZER_NONNULL = YES;
				CLANG_CXX_LANGUAGE_STANDARD = "gnu++0x";
				CLANG_CXX_LIBRARY = "libc++";
				CLANG_ENABLE_MODULES = YES;
				CLANG_ENABLE_OBJC_ARC = YES;
				CLANG_WARN_BOOL_CONVERSION = YES;
				CLANG_WARN_CONSTANT_CONVERSION = YES;
				CLANG_WARN_DIRECT_OBJC_ISA_USAGE = YES_ERROR;
				CLANG_WARN_DOCUMENTATION_COMMENTS = YES;
				CLANG_WARN_EMPTY_BODY = YES;
				CLANG_WARN_ENUM_CONVERSION = YES;
				CLANG_WARN_INFINITE_RECURSION = YES;
				CLANG_WARN_INT_CONVERSION = YES;
				CLANG_WARN_OBJC_ROOT_CLASS = YES_ERROR;
				CLANG_WARN_SUSPICIOUS_MOVES = YES;
				CLANG_WARN_UNREACHABLE_CODE = YES;
				CLANG_WARN__DUPLICATE_METHOD_MATCH = YES;
				"CODE_SIGN_IDENTITY[sdk=iphoneos*]" = "iPhone Developer";
				COPY_PHASE_STRIP = NO;
				DEBUG_INFORMATION_FORMAT = "dwarf-with-dsym";
				ENABLE_NS_ASSERTIONS = NO;
				ENABLE_STRICT_OBJC_MSGSEND = YES;
				GCC_C_LANGUAGE_STANDARD = gnu99;
				GCC_NO_COMMON_BLOCKS = YES;
				GCC_WARN_64_TO_32_BIT_CONVERSION = YES;
				GCC_WARN_ABOUT_RETURN_TYPE = YES_ERROR;
				GCC_WARN_UNDECLARED_SELECTOR = YES;
				GCC_WARN_UNINITIALIZED_AUTOS = YES_AGGRESSIVE;
				GCC_WARN_UNUSED_FUNCTION = YES;
				GCC_WARN_UNUSED_VARIABLE = YES;
				IPHONEOS_DEPLOYMENT_TARGET = 10.1;
				MTL_ENABLE_DEBUG_INFO = NO;
				SDKROOT = iphoneos;
				SWIFT_OPTIMIZATION_LEVEL = "-Owholemodule";
				VALIDATE_PRODUCT = YES;
			};
			name = Release;
		};
		8046A7931DCEB1B100B55F52 /* Debug */ = {
			isa = XCBuildConfiguration;
			buildSettings = {
				ASSETCATALOG_COMPILER_APPICON_NAME = AppIcon;
				CLANG_ENABLE_MODULES = YES;
				CODE_SIGN_ENTITLEMENTS = language/language.entitlements;
				DEVELOPMENT_TEAM = GJT8TMHRBN;
				FRAMEWORK_SEARCH_PATHS = (
					"$(inherited)",
					"$(PROJECT_DIR)",
				);
				INFOPLIST_FILE = language/Info.plist;
				IPHONEOS_DEPLOYMENT_TARGET = 8.2;
				LD_RUNPATH_SEARCH_PATHS = "$(inherited) @executable_path/Frameworks";
				PRODUCT_BUNDLE_IDENTIFIER = com.snnab.language;
				PRODUCT_NAME = "$(TARGET_NAME)";
				SWIFT_OBJC_BRIDGING_HEADER = "language-Bridging-Header.h";
				SWIFT_OPTIMIZATION_LEVEL = "-Onone";
				SWIFT_VERSION = 3.0;
			};
			name = Debug;
		};
		8046A7941DCEB1B100B55F52 /* Release */ = {
			isa = XCBuildConfiguration;
			buildSettings = {
				ASSETCATALOG_COMPILER_APPICON_NAME = AppIcon;
				CLANG_ENABLE_MODULES = YES;
				CODE_SIGN_ENTITLEMENTS = language/language.entitlements;
				DEVELOPMENT_TEAM = GJT8TMHRBN;
				FRAMEWORK_SEARCH_PATHS = (
					"$(inherited)",
					"$(PROJECT_DIR)",
				);
				INFOPLIST_FILE = language/Info.plist;
				IPHONEOS_DEPLOYMENT_TARGET = 8.2;
				LD_RUNPATH_SEARCH_PATHS = "$(inherited) @executable_path/Frameworks";
				PRODUCT_BUNDLE_IDENTIFIER = com.snnab.language;
				PRODUCT_NAME = "$(TARGET_NAME)";
				SWIFT_OBJC_BRIDGING_HEADER = "language-Bridging-Header.h";
				SWIFT_VERSION = 3.0;
			};
			name = Release;
		};
		8046A7961DCEB1B100B55F52 /* Debug */ = {
			isa = XCBuildConfiguration;
			buildSettings = {
				ALWAYS_EMBED_SWIFT_STANDARD_LIBRARIES = YES;
				BUNDLE_LOADER = "$(TEST_HOST)";
				DEVELOPMENT_TEAM = GJT8TMHRBN;
				INFOPLIST_FILE = languageTests/Info.plist;
				LD_RUNPATH_SEARCH_PATHS = "$(inherited) @executable_path/Frameworks @loader_path/Frameworks";
				PRODUCT_BUNDLE_IDENTIFIER = com.snnab.languageTests;
				PRODUCT_NAME = "$(TARGET_NAME)";
				SWIFT_VERSION = 3.0;
				TEST_HOST = "$(BUILT_PRODUCTS_DIR)/language.app/language";
			};
			name = Debug;
		};
		8046A7971DCEB1B100B55F52 /* Release */ = {
			isa = XCBuildConfiguration;
			buildSettings = {
				ALWAYS_EMBED_SWIFT_STANDARD_LIBRARIES = YES;
				BUNDLE_LOADER = "$(TEST_HOST)";
				DEVELOPMENT_TEAM = GJT8TMHRBN;
				INFOPLIST_FILE = languageTests/Info.plist;
				LD_RUNPATH_SEARCH_PATHS = "$(inherited) @executable_path/Frameworks @loader_path/Frameworks";
				PRODUCT_BUNDLE_IDENTIFIER = com.snnab.languageTests;
				PRODUCT_NAME = "$(TARGET_NAME)";
				SWIFT_VERSION = 3.0;
				TEST_HOST = "$(BUILT_PRODUCTS_DIR)/language.app/language";
			};
			name = Release;
		};
		8046A7991DCEB1B100B55F52 /* Debug */ = {
			isa = XCBuildConfiguration;
			buildSettings = {
				ALWAYS_EMBED_SWIFT_STANDARD_LIBRARIES = YES;
				DEVELOPMENT_TEAM = GJT8TMHRBN;
				INFOPLIST_FILE = languageUITests/Info.plist;
				LD_RUNPATH_SEARCH_PATHS = "$(inherited) @executable_path/Frameworks @loader_path/Frameworks";
				PRODUCT_BUNDLE_IDENTIFIER = com.snnab.languageUITests;
				PRODUCT_NAME = "$(TARGET_NAME)";
				SWIFT_VERSION = 3.0;
				TEST_TARGET_NAME = language;
			};
			name = Debug;
		};
		8046A79A1DCEB1B100B55F52 /* Release */ = {
			isa = XCBuildConfiguration;
			buildSettings = {
				ALWAYS_EMBED_SWIFT_STANDARD_LIBRARIES = YES;
				DEVELOPMENT_TEAM = GJT8TMHRBN;
				INFOPLIST_FILE = languageUITests/Info.plist;
				LD_RUNPATH_SEARCH_PATHS = "$(inherited) @executable_path/Frameworks @loader_path/Frameworks";
				PRODUCT_BUNDLE_IDENTIFIER = com.snnab.languageUITests;
				PRODUCT_NAME = "$(TARGET_NAME)";
				SWIFT_VERSION = 3.0;
				TEST_TARGET_NAME = language;
			};
			name = Release;
		};
/* End XCBuildConfiguration section */

/* Begin XCConfigurationList section */
		8046A7621DCEB1B100B55F52 /* Build configuration list for PBXProject "language" */ = {
			isa = XCConfigurationList;
			buildConfigurations = (
				8046A7901DCEB1B100B55F52 /* Debug */,
				8046A7911DCEB1B100B55F52 /* Release */,
			);
			defaultConfigurationIsVisible = 0;
			defaultConfigurationName = Release;
		};
		8046A7921DCEB1B100B55F52 /* Build configuration list for PBXNativeTarget "language" */ = {
			isa = XCConfigurationList;
			buildConfigurations = (
				8046A7931DCEB1B100B55F52 /* Debug */,
				8046A7941DCEB1B100B55F52 /* Release */,
			);
			defaultConfigurationIsVisible = 0;
			defaultConfigurationName = Release;
		};
		8046A7951DCEB1B100B55F52 /* Build configuration list for PBXNativeTarget "languageTests" */ = {
			isa = XCConfigurationList;
			buildConfigurations = (
				8046A7961DCEB1B100B55F52 /* Debug */,
				8046A7971DCEB1B100B55F52 /* Release */,
			);
			defaultConfigurationIsVisible = 0;
			defaultConfigurationName = Release;
		};
		8046A7981DCEB1B100B55F52 /* Build configuration list for PBXNativeTarget "languageUITests" */ = {
			isa = XCConfigurationList;
			buildConfigurations = (
				8046A7991DCEB1B100B55F52 /* Debug */,
				8046A79A1DCEB1B100B55F52 /* Release */,
			);
			defaultConfigurationIsVisible = 0;
			defaultConfigurationName = Release;
		};
/* End XCConfigurationList section */

/* Begin XCVersionGroup section */
		8046A7711DCEB1B100B55F52 /* language.xcdatamodeld */ = {
			isa = XCVersionGroup;
			children = (
				8046A7721DCEB1B100B55F52 /* language.xcdatamodel */,
			);
			currentVersion = 8046A7721DCEB1B100B55F52 /* language.xcdatamodel */;
			path = language.xcdatamodeld;
			sourceTree = "<group>";
			versionGroupType = wrapper.xcdatamodel;
		};
		8046A79B1DCEC5BD00B55F52 /* Model.xcdatamodeld */ = {
			isa = XCVersionGroup;
			children = (
				8046A79C1DCEC5BD00B55F52 /* Model.xcdatamodel */,
			);
			currentVersion = 8046A79C1DCEC5BD00B55F52 /* Model.xcdatamodel */;
			path = Model.xcdatamodeld;
			sourceTree = "<group>";
			versionGroupType = wrapper.xcdatamodel;
		};
/* End XCVersionGroup section */
	};
	rootObject = 8046A75F1DCEB1B100B55F52 /* Project object */;
}
